
Microsoft Visual Studio Solution File, Format Version 12.00
# Visual Studio Version 17
VisualStudioVersion = 17.6.33815.320
MinimumVisualStudioVersion = 10.0.40219.1
Project("{FAE04EC0-301F-11D3-BF4B-00C04F79EFBC}") = "EShop.API", "EShop.API\EShop.API.csproj", "{239546AA-560A-4964-922A-05162E63B72B}"
EndProject
Project("{FAE04EC0-301F-11D3-BF4B-00C04F79EFBC}") = "EShop.Infrastructure", "EShop.Infrastructure\EShop.Infrastructure.csproj", "{545283B4-1E5D-43BF-A9E8-C998068C7AB0}"
EndProject
Project("{FAE04EC0-301F-11D3-BF4B-00C04F79EFBC}") = "EShop.Core", "EShop.Core\EShop.Core.csproj", "{59EDCEC5-1CFD-48AD-AD42-F22068527F82}"
EndProject
Global
	GlobalSection(SolutionConfigurationPlatforms) = preSolution
		Debug|Any CPU = Debug|Any CPU
		Release|Any CPU = Release|Any CPU
	EndGlobalSection
	GlobalSection(ProjectConfigurationPlatforms) = postSolution
		{239546AA-560A-4964-922A-05162E63B72B}.Debug|Any CPU.ActiveCfg = Debug|Any CPU
		{239546AA-560A-4964-922A-05162E63B72B}.Debug|Any CPU.Build.0 = Debug|Any CPU
		{239546AA-560A-4964-922A-05162E63B72B}.Release|Any CPU.ActiveCfg = Release|Any CPU
		{239546AA-560A-4964-922A-05162E63B72B}.Release|Any CPU.Build.0 = Release|Any CPU
		{545283B4-1E5D-43BF-A9E8-C998068C7AB0}.Debug|Any CPU.ActiveCfg = Debug|Any CPU
		{545283B4-1E5D-43BF-A9E8-C998068C7AB0}.Debug|Any CPU.Build.0 = Debug|Any CPU
		{545283B4-1E5D-43BF-A9E8-C998068C7AB0}.Release|Any CPU.ActiveCfg = Release|Any CPU
		{545283B4-1E5D-43BF-A9E8-C998068C7AB0}.Release|Any CPU.Build.0 = Release|Any CPU
		{59EDCEC5-1CFD-48AD-AD42-F22068527F82}.Debug|Any CPU.ActiveCfg = Debug|Any CPU
		{59EDCEC5-1CFD-48AD-AD42-F22068527F82}.Debug|Any CPU.Build.0 = Debug|Any CPU
		{59EDCEC5-1CFD-48AD-AD42-F22068527F82}.Release|Any CPU.ActiveCfg = Release|Any CPU
		{59EDCEC5-1CFD-48AD-AD42-F22068527F82}.Release|Any CPU.Build.0 = Release|Any CPU
	EndGlobalSection
	GlobalSection(SolutionProperties) = preSolution
		HideSolutionNode = FALSE
	EndGlobalSection
	GlobalSection(ExtensibilityGlobals) = postSolution
		SolutionGuid = {20D3C1E0-01E3-47BC-8057-FEBF11B1F685}
	EndGlobalSection
EndGlobal
